lockfileVersion: '9.0'

settings:
  autoInstallPeers: true
  excludeLinksFromLockfile: false

importers:

  .:
    dependencies:
      gray-matter:
        specifier: ^4.0.3
        version: 4.0.3
      js-yaml:
        specifier: ^4.1.0
        version: 4.1.1
      opendal:
        specifier: ^0.49.2
        version: 0.49.2
      zod:
        specifier: ^3.25.0
        version: 3.25.76

packages:

  '@opendal/lib-darwin-arm64@0.49.2':
    resolution: {integrity: sha512-Yg+d24uWV57/iGkbqf0XAOcJVpoxFbnQa5gjhBHhRiJPK4j3Aer6QenKImeW3BO96GY5TZ2GLv6GOijcUBjSxA==}
    engines: {node: '>= 10'}
    cpu: [arm64]
    os: [darwin]

  '@opendal/lib-darwin-x64@0.49.2':
    resolution: {integrity: sha512-arlAgDMtuaYKw6QS2szDamIbZ6ti3iUWF7piaTg9740uBvtJHi4Mqj6bqxmYAFcW08vWdugsbLrpPntkIaDcVA==}
    engines: {node: '>= 10'}
    cpu: [x64]
    os: [darwin]

  '@opendal/lib-linux-arm64-gnu@0.49.2':
    resolution: {integrity: sha512-U8TkDGrKbeccpXw40E3oSv4aboqkOCUq2Hwfz9nt4Nw7FpscV7SIJqE9cAbz/a3lWZ3s6msE8nsAHfBn8jq/Yg==}
    engines: {node: '>= 10'}
    cpu: [arm64]
    os: [linux]
    libc: [glibc]

  '@opendal/lib-linux-arm64-musl@0.49.2':
    resolution: {integrity: sha512-vvg1LCXBUjARrp0UaL/2lnbK1LajlWbAez4ZHZmTAoMRStYoWSCAzip3euMCHBHjrBrDvrS6eJyLeD0X/R+izw==}
    engines: {node: '>= 10'}
    cpu: [arm64]
    os: [linux]
    libc: [musl]

  '@opendal/lib-linux-x64-gnu@0.49.2':
    resolution: {integrity: sha512-mS5Jc7PvRO42xf9ASTyTJr1bEhsbsSPihMnDAZONkWa9njl8ux3F1T6AghLLwdPOkTvst9VH7likDDrj+6gcCA==}
    engines: {node: '>= 10'}
    cpu: [x64]
    os: [linux]
    libc: [glibc]

  '@opendal/lib-linux-x64-musl@0.49.2':
    resolution: {integrity: sha512-4b4r5pjVyZqkCDrgm1c0A9UWZaC8djTSSGpNuVEkvzf3COBuwpKu/7nWNWWefk+7JJtuHsVatR62Fzfl0fSJ4Q==}
    engines: {node: '>= 10'}
    cpu: [x64]
    os: [linux]
    libc: [musl]

  '@opendal/lib-win32-arm64-msvc@0.49.2':
    resolution: {integrity: sha512-/p/lylG0V+kN4YcmgTWXQlOAOuDt7gLLZBBkAC1BqoCOuguyWTFIAgNOjf5faw6fnMkUZfe8Mj/Sg+xr6LWoMg==}
    engines: {node: '>= 10'}
    cpu: [arm64]
    os: [win32]

  '@opendal/lib-win32-x64-msvc@0.49.2':
    resolution: {integrity: sha512-b9FLXpz3sygHso9csRGX7eLOlwhnHwDlQmlAQGlgodLuAaRpCZAFtamwxC7ocd5F7DttL30vmdJJDPi9UU7Gxg==}
    engines: {node: '>= 10'}
    cpu: [x64]
    os: [win32]

  argparse@1.0.10:
    resolution: {integrity: sha512-o5Roy6tNG4SL/FOkCAN6RzjiakZS25RLYFrcMttJqbdd8BWrnA+fGz57iN5Pb06pvBGvl5gQ0B48dJlslXvoTg==}

  argparse@2.0.1:
    resolution: {integrity: sha512-8+9WqebbFzpX9OR+Wa6O29asIogeRMzcGtAINdpMHHyAg10f05aSFVBbcEqGf/PXw1EjAZ+q2/bEBg3DvurK3Q==}

  esprima@4.0.1:
    resolution: {integrity: sha512-eGuFFw7Upda+g4p+QHvnW0RyTX/SVeJBDM/gCtMARO0cLuT2HcEKnTPvhjV6aGeqrCB/sbNop0Kszm0jsaWU4A==}
    engines: {node: '>=4'}
    hasBin: true

  extend-shallow@2.0.1:
    resolution: {integrity: sha512-zCnTtlxNoAiDc3gqY2aYAWFx7XWWiasuF2K8Me5WbN8otHKTUKBwjPtNpRs/rbUZm7KxWAaNj7P1a/p52GbVug==}
    engines: {node: '>=0.10.0'}

  gray-matter@4.0.3:
    resolution: {integrity: sha512-5v6yZd4JK3eMI3FqqCouswVqwugaA9r4dNZB1wwcmrD02QkV5H0y7XBQW8QwQqEaZY1pM9aqORSORhJRdNK44Q==}
    engines: {node: '>=6.0'}

  is-extendable@0.1.1:
    resolution: {integrity: sha512-5BMULNob1vgFX6EjQw5izWDxrecWK9AM72rugNr0TFldMOi0fj6Jk+zeKIt0xGj4cEfQIJth4w3OKWOJ4f+AFw==}
    engines: {node: '>=0.10.0'}

  js-yaml@3.14.2:
    resolution: {integrity: sha512-PMSmkqxr106Xa156c2M265Z+FTrPl+oxd/rgOQy2tijQeK5TxQ43psO1ZCwhVOSdnn+RzkzlRz/eY4BgJBYVpg==}
    hasBin: true

  js-yaml@4.1.1:
    resolution: {integrity: sha512-qQKT4zQxXl8lLwBtHMWwaTcGfFOZviOJet3Oy/xmGk2gZH677CJM9EvtfdSkgWcATZhj/55JZ0rmy3myCT5lsA==}
    hasBin: true

  kind-of@6.0.3:
    resolution: {integrity: sha512-dcS1ul+9tmeD95T+x28/ehLgd9mENa3LsvDTtzm3vyBEO7RPptvAD+t44WVXaUjTBRcrpFeFlC8WCruUR456hw==}
    engines: {node: '>=0.10.0'}

  opendal@0.49.2:
    resolution: {integrity: sha512-FZxLgJSssYUZSgLD66nQgaieHhfWpK9D/BCaS7lCUWR5pDYsYTJqCm1rbL0/jwwOMmNUhz0g49LMY8OnHOd5Ng==}
    engines: {node: '>= 10'}

  section-matter@1.0.0:
    resolution: {integrity: sha512-vfD3pmTzGpufjScBh50YHKzEu2lxBWhVEHsNGoEXmCmn2hKGfeNLYMzCJpe8cD7gqX7TJluOVpBkAequ6dgMmA==}
    engines: {node: '>=4'}

  sprintf-js@1.0.3:
    resolution: {integrity: sha512-D9cPgkvLlV3t3IzL0D0YLvGA9Ahk4PcvVwUbN0dSGr1aP0Nrt4AEnTUbuGvquEC0mA64Gqt1fzirlRs5ibXx8g==}

  strip-bom-string@1.0.0:
    resolution: {integrity: sha512-uCC2VHvQRYu+lMh4My/sFNmF2klFymLX1wHJeXnbEJERpV/ZsVuonzerjfrGpIGF7LBVa1O7i9kjiWvJiFck8g==}
    engines: {node: '>=0.10.0'}

  zod@3.25.76:
    resolution: {integrity: sha512-gzUt/qt81nXsFGKIFcC3YnfEAx5NkunCfnDlvuBSSFS02bcXu4Lmea0AFIUwbLWxWPx3d9p8S5QoaujKcNQxcQ==}

snapshots:

  '@opendal/lib-darwin-arm64@0.49.2':
    optional: true

  '@opendal/lib-darwin-x64@0.49.2':
    optional: true

  '@opendal/lib-linux-arm64-gnu@0.49.2':
    optional: true

  '@opendal/lib-linux-arm64-musl@0.49.2':
    optional: true

  '@opendal/lib-linux-x64-gnu@0.49.2':
    optional: true

  '@opendal/lib-linux-x64-musl@0.49.2':
    optional: true

  '@opendal/lib-win32-arm64-msvc@0.49.2':
    optional: true

  '@opendal/lib-win32-x64-msvc@0.49.2':
    optional: true

  argparse@1.0.10:
    dependencies:
      sprintf-js: 1.0.3

  argparse@2.0.1: {}

  esprima@4.0.1: {}

  extend-shallow@2.0.1:
    dependencies:
      is-extendable: 0.1.1

  gray-matter@4.0.3:
    dependencies:
      js-yaml: 3.14.2
      kind-of: 6.0.3
      section-matter: 1.0.0
      strip-bom-string: 1.0.0

  is-extendable@0.1.1: {}

  js-yaml@3.14.2:
    dependencies:
      argparse: 1.0.10
      esprima: 4.0.1

  js-yaml@4.1.1:
    dependencies:
      argparse: 2.0.1

  kind-of@6.0.3: {}

  opendal@0.49.2:
    optionalDependencies:
      '@opendal/lib-darwin-arm64': 0.49.2
      '@opendal/lib-darwin-x64': 0.49.2
      '@opendal/lib-linux-arm64-gnu': 0.49.2
      '@opendal/lib-linux-arm64-musl': 0.49.2
      '@opendal/lib-linux-x64-gnu': 0.49.2
      '@opendal/lib-linux-x64-musl': 0.49.2
      '@opendal/lib-win32-arm64-msvc': 0.49.2
      '@opendal/lib-win32-x64-msvc': 0.49.2

  section-matter@1.0.0:
    dependencies:
      extend-shallow: 2.0.1
      kind-of: 6.0.3

  sprintf-js@1.0.3: {}

  strip-bom-string@1.0.0: {}

  zod@3.25.76: {}
